
Microsoft Visual Studio Solution File, Format Version 12.00
# Visual Studio Version 16
VisualStudioVersion = 16.0.31613.86
MinimumVisualStudioVersion = 10.0.40219.1
Project("{FAE04EC0-301F-11D3-BF4B-00C04F79EFBC}") = "Capa_Usuario", "Capa_Usuario\Capa_Usuario.csproj", "{13BAF40C-70DE-46EB-A749-AD7A4FFC27DD}"
EndProject
Project("{FAE04EC0-301F-11D3-BF4B-00C04F79EFBC}") = "Capa_Datos", "Capa_Datos\Capa_Datos.csproj", "{46FB765C-CB2C-4AB4-B578-05DC34092650}"
EndProject
Project("{FAE04EC0-301F-11D3-BF4B-00C04F79EFBC}") = "Capa_Negocio", "Capa_Negocio\Capa_Negocio.csproj", "{4F8E6CB8-C7F3-4D58-BD29-2277383D77FF}"
EndProject
Project("{FAE04EC0-301F-11D3-BF4B-00C04F79EFBC}") = "Capa_Entidad", "Capa_Entidad\Capa_Entidad.csproj", "{4ABD17A2-CB6D-4F9F-A068-A5E692A0B68E}"
EndProject
Global
	GlobalSection(SolutionConfigurationPlatforms) = preSolution
		Debug|Any CPU = Debug|Any CPU
		Release|Any CPU = Release|Any CPU
	EndGlobalSection
	GlobalSection(ProjectConfigurationPlatforms) = postSolution
		{13BAF40C-70DE-46EB-A749-AD7A4FFC27DD}.Debug|Any CPU.ActiveCfg = Debug|Any CPU
		{13BAF40C-70DE-46EB-A749-AD7A4FFC27DD}.Debug|Any CPU.Build.0 = Debug|Any CPU
		{13BAF40C-70DE-46EB-A749-AD7A4FFC27DD}.Release|Any CPU.ActiveCfg = Release|Any CPU
		{13BAF40C-70DE-46EB-A749-AD7A4FFC27DD}.Release|Any CPU.Build.0 = Release|Any CPU
		{46FB765C-CB2C-4AB4-B578-05DC34092650}.Debug|Any CPU.ActiveCfg = Debug|Any CPU
		{46FB765C-CB2C-4AB4-B578-05DC34092650}.Debug|Any CPU.Build.0 = Debug|Any CPU
		{46FB765C-CB2C-4AB4-B578-05DC34092650}.Release|Any CPU.ActiveCfg = Release|Any CPU
		{46FB765C-CB2C-4AB4-B578-05DC34092650}.Release|Any CPU.Build.0 = Release|Any CPU
		{4F8E6CB8-C7F3-4D58-BD29-2277383D77FF}.Debug|Any CPU.ActiveCfg = Debug|Any CPU
		{4F8E6CB8-C7F3-4D58-BD29-2277383D77FF}.Debug|Any CPU.Build.0 = Debug|Any CPU
		{4F8E6CB8-C7F3-4D58-BD29-2277383D77FF}.Release|Any CPU.ActiveCfg = Release|Any CPU
		{4F8E6CB8-C7F3-4D58-BD29-2277383D77FF}.Release|Any CPU.Build.0 = Release|Any CPU
		{4ABD17A2-CB6D-4F9F-A068-A5E692A0B68E}.Debug|Any CPU.ActiveCfg = Debug|Any CPU
		{4ABD17A2-CB6D-4F9F-A068-A5E692A0B68E}.Debug|Any CPU.Build.0 = Debug|Any CPU
		{4ABD17A2-CB6D-4F9F-A068-A5E692A0B68E}.Release|Any CPU.ActiveCfg = Release|Any CPU
		{4ABD17A2-CB6D-4F9F-A068-A5E692A0B68E}.Release|Any CPU.Build.0 = Release|Any CPU
	EndGlobalSection
	GlobalSection(SolutionProperties) = preSolution
		HideSolutionNode = FALSE
	EndGlobalSection
	GlobalSection(ExtensibilityGlobals) = postSolution
		SolutionGuid = {05C10613-1F84-437C-9EAA-24CFD59FAE80}
	EndGlobalSection
EndGlobal
